
Microsoft Visual Studio Solution File, Format Version 12.00
# Visual Studio 15
VisualStudioVersion = 15.0.27428.2043
MinimumVisualStudioVersion = 10.0.40219.1
Project("{FAE04EC0-301F-11D3-BF4B-00C04F79EFBC}") = "ASsembliesAndNamespaces", "ASsembliesAndNamespaces.csproj", "{284E2F16-3FA8-438C-BF9C-7B81FD123502}"
EndProject
Global
	GlobalSection(SolutionConfigurationPlatforms) = preSolution
		Debug|Any CPU = Debug|Any CPU
		Release|Any CPU = Release|Any CPU
	EndGlobalSection
	GlobalSection(ProjectConfigurationPlatforms) = postSolution
		{284E2F16-3FA8-438C-BF9C-7B81FD123502}.Debug|Any CPU.ActiveCfg = Debug|Any CPU
		{284E2F16-3FA8-438C-BF9C-7B81FD123502}.Debug|Any CPU.Build.0 = Debug|Any CPU
		{284E2F16-3FA8-438C-BF9C-7B81FD123502}.Release|Any CPU.ActiveCfg = Release|Any CPU
		{284E2F16-3FA8-438C-BF9C-7B81FD123502}.Release|Any CPU.Build.0 = Release|Any CPU
	EndGlobalSection
	GlobalSection(SolutionProperties) = preSolution
		HideSolutionNode = FALSE
	EndGlobalSection
	GlobalSection(ExtensibilityGlobals) = postSolution
		SolutionGuid = {DFD91034-32B6-47A7-8681-C16B885915E6}
	EndGlobalSection
EndGlobal
