
Microsoft Visual Studio Solution File, Format Version 12.00
# Visual Studio 15
VisualStudioVersion = 15.0.27428.2043
MinimumVisualStudioVersion = 10.0.40219.1
Project("{FAE04EC0-301F-11D3-BF4B-00C04F79EFBC}") = "ObjectLifeTime", "ObjectLifeTime.csproj", "{293856EC-BF9F-46EC-BF69-5FF0D185617C}"
EndProject
Global
	GlobalSection(SolutionConfigurationPlatforms) = preSolution
		Debug|Any CPU = Debug|Any CPU
		Release|Any CPU = Release|Any CPU
	EndGlobalSection
	GlobalSection(ProjectConfigurationPlatforms) = postSolution
		{293856EC-BF9F-46EC-BF69-5FF0D185617C}.Debug|Any CPU.ActiveCfg = Debug|Any CPU
		{293856EC-BF9F-46EC-BF69-5FF0D185617C}.Debug|Any CPU.Build.0 = Debug|Any CPU
		{293856EC-BF9F-46EC-BF69-5FF0D185617C}.Release|Any CPU.ActiveCfg = Release|Any CPU
		{293856EC-BF9F-46EC-BF69-5FF0D185617C}.Release|Any CPU.Build.0 = Release|Any CPU
	EndGlobalSection
	GlobalSection(SolutionProperties) = preSolution
		HideSolutionNode = FALSE
	EndGlobalSection
	GlobalSection(ExtensibilityGlobals) = postSolution
		SolutionGuid = {5533A969-8748-4DF4-B22C-79A0915DE514}
	EndGlobalSection
EndGlobal
