
Microsoft Visual Studio Solution File, Format Version 12.00
# Visual Studio 15
VisualStudioVersion = 15.0.27428.2043
MinimumVisualStudioVersion = 10.0.40219.1
Project("{FAE04EC0-301F-11D3-BF4B-00C04F79EFBC}") = "07.Inheritance and Polymorphism", "07.Inheritance and Polymorphism.csproj", "{B72B4AE8-8D76-434F-AD04-6C18E742E472}"
EndProject
Global
	GlobalSection(SolutionConfigurationPlatforms) = preSolution
		Debug|Any CPU = Debug|Any CPU
		Release|Any CPU = Release|Any CPU
	EndGlobalSection
	GlobalSection(ProjectConfigurationPlatforms) = postSolution
		{B72B4AE8-8D76-434F-AD04-6C18E742E472}.Debug|Any CPU.ActiveCfg = Debug|Any CPU
		{B72B4AE8-8D76-434F-AD04-6C18E742E472}.Debug|Any CPU.Build.0 = Debug|Any CPU
		{B72B4AE8-8D76-434F-AD04-6C18E742E472}.Release|Any CPU.ActiveCfg = Release|Any CPU
		{B72B4AE8-8D76-434F-AD04-6C18E742E472}.Release|Any CPU.Build.0 = Release|Any CPU
	EndGlobalSection
	GlobalSection(SolutionProperties) = preSolution
		HideSolutionNode = FALSE
	EndGlobalSection
	GlobalSection(ExtensibilityGlobals) = postSolution
		SolutionGuid = {F9000A25-49EB-4918-A5B3-66A4CB83211D}
	EndGlobalSection
EndGlobal
