
Microsoft Visual Studio Solution File, Format Version 12.00
# Visual Studio 15
VisualStudioVersion = 15.0.27428.2043
MinimumVisualStudioVersion = 10.0.40219.1
Project("{FAE04EC0-301F-11D3-BF4B-00C04F79EFBC}") = "18.Serialization", "18.Serialization.csproj", "{9E131145-710B-49E7-849D-E5BE8FA747B3}"
EndProject
Global
	GlobalSection(SolutionConfigurationPlatforms) = preSolution
		Debug|Any CPU = Debug|Any CPU
		Release|Any CPU = Release|Any CPU
	EndGlobalSection
	GlobalSection(ProjectConfigurationPlatforms) = postSolution
		{9E131145-710B-49E7-849D-E5BE8FA747B3}.Debug|Any CPU.ActiveCfg = Debug|Any CPU
		{9E131145-710B-49E7-849D-E5BE8FA747B3}.Debug|Any CPU.Build.0 = Debug|Any CPU
		{9E131145-710B-49E7-849D-E5BE8FA747B3}.Release|Any CPU.ActiveCfg = Release|Any CPU
		{9E131145-710B-49E7-849D-E5BE8FA747B3}.Release|Any CPU.Build.0 = Release|Any CPU
	EndGlobalSection
	GlobalSection(SolutionProperties) = preSolution
		HideSolutionNode = FALSE
	EndGlobalSection
	GlobalSection(ExtensibilityGlobals) = postSolution
		SolutionGuid = {548E2A4C-B0CA-41D1-8D61-FE56F802DEF1}
	EndGlobalSection
EndGlobal
