
Microsoft Visual Studio Solution File, Format Version 12.00
# Visual Studio 15
VisualStudioVersion = 15.0.27428.2043
MinimumVisualStudioVersion = 10.0.40219.1
Project("{FAE04EC0-301F-11D3-BF4B-00C04F79EFBC}") = "WPFEvents", "WPFEvents.csproj", "{1063B43D-5E1D-450B-9027-2B195DECC430}"
EndProject
Global
	GlobalSection(SolutionConfigurationPlatforms) = preSolution
		Debug|Any CPU = Debug|Any CPU
		Release|Any CPU = Release|Any CPU
	EndGlobalSection
	GlobalSection(ProjectConfigurationPlatforms) = postSolution
		{1063B43D-5E1D-450B-9027-2B195DECC430}.Debug|Any CPU.ActiveCfg = Debug|Any CPU
		{1063B43D-5E1D-450B-9027-2B195DECC430}.Debug|Any CPU.Build.0 = Debug|Any CPU
		{1063B43D-5E1D-450B-9027-2B195DECC430}.Release|Any CPU.ActiveCfg = Release|Any CPU
		{1063B43D-5E1D-450B-9027-2B195DECC430}.Release|Any CPU.Build.0 = Release|Any CPU
	EndGlobalSection
	GlobalSection(SolutionProperties) = preSolution
		HideSolutionNode = FALSE
	EndGlobalSection
	GlobalSection(ExtensibilityGlobals) = postSolution
		SolutionGuid = {B752801B-94BD-423A-9D2A-4C9519B9B17F}
	EndGlobalSection
EndGlobal
