
Microsoft Visual Studio Solution File, Format Version 12.00
# Visual Studio 15
VisualStudioVersion = 15.0.27428.2043
MinimumVisualStudioVersion = 10.0.40219.1
Project("{FAE04EC0-301F-11D3-BF4B-00C04F79EFBC}") = "Arrays", "Arrays.csproj", "{F374FC08-4E2C-44BD-B43D-9140F2A42FD0}"
EndProject
Global
	GlobalSection(SolutionConfigurationPlatforms) = preSolution
		Debug|Any CPU = Debug|Any CPU
		Release|Any CPU = Release|Any CPU
	EndGlobalSection
	GlobalSection(ProjectConfigurationPlatforms) = postSolution
		{F374FC08-4E2C-44BD-B43D-9140F2A42FD0}.Debug|Any CPU.ActiveCfg = Debug|Any CPU
		{F374FC08-4E2C-44BD-B43D-9140F2A42FD0}.Debug|Any CPU.Build.0 = Debug|Any CPU
		{F374FC08-4E2C-44BD-B43D-9140F2A42FD0}.Release|Any CPU.ActiveCfg = Release|Any CPU
		{F374FC08-4E2C-44BD-B43D-9140F2A42FD0}.Release|Any CPU.Build.0 = Release|Any CPU
	EndGlobalSection
	GlobalSection(SolutionProperties) = preSolution
		HideSolutionNode = FALSE
	EndGlobalSection
	GlobalSection(ExtensibilityGlobals) = postSolution
		SolutionGuid = {6ADE11BA-080F-4FA5-92BC-67D31E4B8401}
	EndGlobalSection
EndGlobal
