
Microsoft Visual Studio Solution File, Format Version 12.00
# Visual Studio 15
VisualStudioVersion = 15.0.27428.2043
MinimumVisualStudioVersion = 10.0.40219.1
Project("{FAE04EC0-301F-11D3-BF4B-00C04F79EFBC}") = "5.Classes, Methods, Fields, Constructors, Static Classes, Structs", "5.Classes, Methods, Fields, Constructors, Static Classes, Structs.csproj", "{7794DE0A-DBA9-475A-BA46-14F694EA9FEE}"
EndProject
Global
	GlobalSection(SolutionConfigurationPlatforms) = preSolution
		Debug|Any CPU = Debug|Any CPU
		Release|Any CPU = Release|Any CPU
	EndGlobalSection
	GlobalSection(ProjectConfigurationPlatforms) = postSolution
		{7794DE0A-DBA9-475A-BA46-14F694EA9FEE}.Debug|Any CPU.ActiveCfg = Debug|Any CPU
		{7794DE0A-DBA9-475A-BA46-14F694EA9FEE}.Debug|Any CPU.Build.0 = Debug|Any CPU
		{7794DE0A-DBA9-475A-BA46-14F694EA9FEE}.Release|Any CPU.ActiveCfg = Release|Any CPU
		{7794DE0A-DBA9-475A-BA46-14F694EA9FEE}.Release|Any CPU.Build.0 = Release|Any CPU
	EndGlobalSection
	GlobalSection(SolutionProperties) = preSolution
		HideSolutionNode = FALSE
	EndGlobalSection
	GlobalSection(ExtensibilityGlobals) = postSolution
		SolutionGuid = {4772FB80-C886-45D6-9833-6083BD1E78E4}
	EndGlobalSection
EndGlobal
