
Microsoft Visual Studio Solution File, Format Version 12.00
# Visual Studio 15
VisualStudioVersion = 15.0.27428.2043
MinimumVisualStudioVersion = 10.0.40219.1
Project("{FAE04EC0-301F-11D3-BF4B-00C04F79EFBC}") = "ForIterration", "ForIterration.csproj", "{2CE372EE-9EC7-4354-9DE3-B4D0AF71FED6}"
EndProject
Global
	GlobalSection(SolutionConfigurationPlatforms) = preSolution
		Debug|Any CPU = Debug|Any CPU
		Release|Any CPU = Release|Any CPU
	EndGlobalSection
	GlobalSection(ProjectConfigurationPlatforms) = postSolution
		{2CE372EE-9EC7-4354-9DE3-B4D0AF71FED6}.Debug|Any CPU.ActiveCfg = Debug|Any CPU
		{2CE372EE-9EC7-4354-9DE3-B4D0AF71FED6}.Debug|Any CPU.Build.0 = Debug|Any CPU
		{2CE372EE-9EC7-4354-9DE3-B4D0AF71FED6}.Release|Any CPU.ActiveCfg = Release|Any CPU
		{2CE372EE-9EC7-4354-9DE3-B4D0AF71FED6}.Release|Any CPU.Build.0 = Release|Any CPU
	EndGlobalSection
	GlobalSection(SolutionProperties) = preSolution
		HideSolutionNode = FALSE
	EndGlobalSection
	GlobalSection(ExtensibilityGlobals) = postSolution
		SolutionGuid = {C1118266-4E20-4972-9436-01B03B87698C}
	EndGlobalSection
EndGlobal
