
Microsoft Visual Studio Solution File, Format Version 12.00
# Visual Studio 15
VisualStudioVersion = 15.0.27428.2043
MinimumVisualStudioVersion = 10.0.40219.1
Project("{FAE04EC0-301F-11D3-BF4B-00C04F79EFBC}") = "01.Command-Line-args", "01.Command-Line-args.csproj", "{FA46BA05-23F8-4CE4-8EFE-79046C6004B9}"
EndProject
Global
	GlobalSection(SolutionConfigurationPlatforms) = preSolution
		Debug|Any CPU = Debug|Any CPU
		Release|Any CPU = Release|Any CPU
	EndGlobalSection
	GlobalSection(ProjectConfigurationPlatforms) = postSolution
		{FA46BA05-23F8-4CE4-8EFE-79046C6004B9}.Debug|Any CPU.ActiveCfg = Debug|Any CPU
		{FA46BA05-23F8-4CE4-8EFE-79046C6004B9}.Debug|Any CPU.Build.0 = Debug|Any CPU
		{FA46BA05-23F8-4CE4-8EFE-79046C6004B9}.Release|Any CPU.ActiveCfg = Release|Any CPU
		{FA46BA05-23F8-4CE4-8EFE-79046C6004B9}.Release|Any CPU.Build.0 = Release|Any CPU
	EndGlobalSection
	GlobalSection(SolutionProperties) = preSolution
		HideSolutionNode = FALSE
	EndGlobalSection
	GlobalSection(ExtensibilityGlobals) = postSolution
		SolutionGuid = {A650C1C7-4D3F-4908-9EBA-F23CFCBAB892}
	EndGlobalSection
EndGlobal
