
Microsoft Visual Studio Solution File, Format Version 12.00
# Visual Studio 15
VisualStudioVersion = 15.0.27428.2043
MinimumVisualStudioVersion = 10.0.40219.1
Project("{FAE04EC0-301F-11D3-BF4B-00C04F79EFBC}") = "ForLoop", "ForLoop.csproj", "{79EB5F98-F5A3-4C4E-9F24-BF9EFD4C60B4}"
EndProject
Global
	GlobalSection(SolutionConfigurationPlatforms) = preSolution
		Debug|Any CPU = Debug|Any CPU
		Release|Any CPU = Release|Any CPU
	EndGlobalSection
	GlobalSection(ProjectConfigurationPlatforms) = postSolution
		{79EB5F98-F5A3-4C4E-9F24-BF9EFD4C60B4}.Debug|Any CPU.ActiveCfg = Debug|Any CPU
		{79EB5F98-F5A3-4C4E-9F24-BF9EFD4C60B4}.Debug|Any CPU.Build.0 = Debug|Any CPU
		{79EB5F98-F5A3-4C4E-9F24-BF9EFD4C60B4}.Release|Any CPU.ActiveCfg = Release|Any CPU
		{79EB5F98-F5A3-4C4E-9F24-BF9EFD4C60B4}.Release|Any CPU.Build.0 = Release|Any CPU
	EndGlobalSection
	GlobalSection(SolutionProperties) = preSolution
		HideSolutionNode = FALSE
	EndGlobalSection
	GlobalSection(ExtensibilityGlobals) = postSolution
		SolutionGuid = {4CE6D4F4-3D5F-45E1-B429-68D001C68216}
	EndGlobalSection
EndGlobal
