
Microsoft Visual Studio Solution File, Format Version 12.00
# Visual Studio 15
VisualStudioVersion = 15.0.27428.2043
MinimumVisualStudioVersion = 10.0.40219.1
Project("{FAE04EC0-301F-11D3-BF4B-00C04F79EFBC}") = "2.data_types", "2.data_types.csproj", "{D0070861-C2DC-4BBF-85C4-BAB65F272B45}"
EndProject
Global
	GlobalSection(SolutionConfigurationPlatforms) = preSolution
		Debug|Any CPU = Debug|Any CPU
		Release|Any CPU = Release|Any CPU
	EndGlobalSection
	GlobalSection(ProjectConfigurationPlatforms) = postSolution
		{D0070861-C2DC-4BBF-85C4-BAB65F272B45}.Debug|Any CPU.ActiveCfg = Debug|Any CPU
		{D0070861-C2DC-4BBF-85C4-BAB65F272B45}.Debug|Any CPU.Build.0 = Debug|Any CPU
		{D0070861-C2DC-4BBF-85C4-BAB65F272B45}.Release|Any CPU.ActiveCfg = Release|Any CPU
		{D0070861-C2DC-4BBF-85C4-BAB65F272B45}.Release|Any CPU.Build.0 = Release|Any CPU
	EndGlobalSection
	GlobalSection(SolutionProperties) = preSolution
		HideSolutionNode = FALSE
	EndGlobalSection
	GlobalSection(ExtensibilityGlobals) = postSolution
		SolutionGuid = {D23DFB37-6F1B-4F3A-9B1C-889A458D8218}
	EndGlobalSection
EndGlobal
