
Microsoft Visual Studio Solution File, Format Version 12.00
# Visual Studio 15
VisualStudioVersion = 15.0.27428.2043
MinimumVisualStudioVersion = 10.0.40219.1
Project("{FAE04EC0-301F-11D3-BF4B-00C04F79EFBC}") = "WorkingWithString", "WorkingWithString.csproj", "{B6C84259-E153-4FF5-BF80-965790D7FFA5}"
EndProject
Global
	GlobalSection(SolutionConfigurationPlatforms) = preSolution
		Debug|Any CPU = Debug|Any CPU
		Release|Any CPU = Release|Any CPU
	EndGlobalSection
	GlobalSection(ProjectConfigurationPlatforms) = postSolution
		{B6C84259-E153-4FF5-BF80-965790D7FFA5}.Debug|Any CPU.ActiveCfg = Debug|Any CPU
		{B6C84259-E153-4FF5-BF80-965790D7FFA5}.Debug|Any CPU.Build.0 = Debug|Any CPU
		{B6C84259-E153-4FF5-BF80-965790D7FFA5}.Release|Any CPU.ActiveCfg = Release|Any CPU
		{B6C84259-E153-4FF5-BF80-965790D7FFA5}.Release|Any CPU.Build.0 = Release|Any CPU
	EndGlobalSection
	GlobalSection(SolutionProperties) = preSolution
		HideSolutionNode = FALSE
	EndGlobalSection
	GlobalSection(ExtensibilityGlobals) = postSolution
		SolutionGuid = {DE264C1B-A117-4E91-82EE-A5D4E6711877}
	EndGlobalSection
EndGlobal
